// !$*UTF8*$!
{
	archiveVersion = 1;
	classes = {
	};
	objectVersion = 46;
	objects = {

/* Begin PBXBuildFile section */
		E1A1603419BF9FCA00306185 /* QuickLook.framework in Frameworks */ = {isa = PBXBuildFile; fileRef = E1A1603319BF9FCA00306185 /* QuickLook.framework */; };
		E1A1603619BF9FCA00306185 /* ApplicationServices.framework in Frameworks */ = {isa = PBXBuildFile; fileRef = E1A1603519BF9FCA00306185 /* ApplicationServices.framework */; };
		E1A1603819BF9FCA00306185 /* CoreServices.framework in Frameworks */ = {isa = PBXBuildFile; fileRef = E1A1603719BF9FCA00306185 /* CoreServices.framework */; };
		E1A1603A19BF9FCA00306185 /* CoreFoundation.framework in Frameworks */ = {isa = PBXBuildFile; fileRef = E1A1603919BF9FCA00306185 /* CoreFoundation.framework */; };
		E1A1604019BF9FCA00306185 /* InfoPlist.strings in Resources */ = {isa = PBXBuildFile; fileRef = E1A1603E19BF9FCA00306185 /* InfoPlist.strings */; };
		E1A1604219BF9FCA00306185 /* GenerateThumbnailForURL.m in Sources */ = {isa = PBXBuildFile; fileRef = E1A1604119BF9FCA00306185 /* GenerateThumbnailForURL.m */; };
		E1A1604419BF9FCA00306185 /* GeneratePreviewForURL.m in Sources */ = {isa = PBXBuildFile; fileRef = E1A1604319BF9FCA00306185 /* GeneratePreviewForURL.m */; };
		E1A1604619BF9FCA00306185 /* main.c in Sources */ = {isa = PBXBuildFile; fileRef = E1A1604519BF9FCA00306185 /* main.c */; };
/* End PBXBuildFile section */

/* Begin PBXCopyFilesBuildPhase section */
		E18D103E19BFABB700C893D1 /* CopyFiles */ = {
			isa = PBXCopyFilesBuildPhase;
			buildActionMask = 2147483647;
			dstPath = "";
			dstSubfolderSpec = 1;
			files = (
			);
			runOnlyForDeploymentPostprocessing = 0;
		};
/* End PBXCopyFilesBuildPhase section */

/* Begin PBXFileReference section */
		E1A1603019BF9FCA00306185 /* QLNetcdf.qlgenerator */ = {isa = PBXFileReference; explicitFileType = wrapper.cfbundle; includeInIndex = 0; path = QLNetcdf.qlgenerator; sourceTree = BUILT_PRODUCTS_DIR; };
		E1A1603319BF9FCA00306185 /* QuickLook.framework */ = {isa = PBXFileReference; lastKnownFileType = wrapper.framework; name = QuickLook.framework; path = System/Library/Frameworks/QuickLook.framework; sourceTree = SDKROOT; };
		E1A1603519BF9FCA00306185 /* ApplicationServices.framework */ = {isa = PBXFileReference; lastKnownFileType = wrapper.framework; name = ApplicationServices.framework; path = System/Library/Frameworks/ApplicationServices.framework; sourceTree = SDKROOT; };
		E1A1603719BF9FCA00306185 /* CoreServices.framework */ = {isa = PBXFileReference; lastKnownFileType = wrapper.framework; name = CoreServices.framework; path = System/Library/Frameworks/CoreServices.framework; sourceTree = SDKROOT; };
		E1A1603919BF9FCA00306185 /* CoreFoundation.framework */ = {isa = PBXFileReference; lastKnownFileType = wrapper.framework; name = CoreFoundation.framework; path = System/Library/Frameworks/CoreFoundation.framework; sourceTree = SDKROOT; };
		E1A1603D19BF9FCA00306185 /* QLNetcdf-Info.plist */ = {isa = PBXFileReference; lastKnownFileType = text.plist.xml; path = "QLNetcdf-Info.plist"; sourceTree = "<group>"; };
		E1A1603F19BF9FCA00306185 /* en */ = {isa = PBXFileReference; lastKnownFileType = text.plist.strings; name = en; path = en.lproj/InfoPlist.strings; sourceTree = "<group>"; };
		E1A1604119BF9FCA00306185 /* GenerateThumbnailForURL.m */ = {isa = PBXFileReference; lastKnownFileType = sourcecode.c.objc; path = GenerateThumbnailForURL.m; sourceTree = "<group>"; };
		E1A1604319BF9FCA00306185 /* GeneratePreviewForURL.m */ = {isa = PBXFileReference; lastKnownFileType = sourcecode.c.objc; path = GeneratePreviewForURL.m; sourceTree = "<group>"; };
		E1A1604519BF9FCA00306185 /* main.c */ = {isa = PBXFileReference; lastKnownFileType = sourcecode.c.c; path = main.c; sourceTree = "<group>"; };
		E1A1604719BF9FCA00306185 /* QLNetcdf-Prefix.pch */ = {isa = PBXFileReference; lastKnownFileType = sourcecode.c.h; path = "QLNetcdf-Prefix.pch"; sourceTree = "<group>"; };
/* End PBXFileReference section */

/* Begin PBXFrameworksBuildPhase section */
		E1A1602B19BF9FCA00306185 /* Frameworks */ = {
			isa = PBXFrameworksBuildPhase;
			buildActionMask = 2147483647;
			files = (
				E1A1603A19BF9FCA00306185 /* CoreFoundation.framework in Frameworks */,
				E1A1603419BF9FCA00306185 /* QuickLook.framework in Frameworks */,
				E1A1603819BF9FCA00306185 /* CoreServices.framework in Frameworks */,
				E1A1603619BF9FCA00306185 /* ApplicationServices.framework in Frameworks */,
			);
			runOnlyForDeploymentPostprocessing = 0;
		};
/* End PBXFrameworksBuildPhase section */

/* Begin PBXGroup section */
		E1A1602519BF9FCA00306185 = {
			isa = PBXGroup;
			children = (
				E1A1603B19BF9FCA00306185 /* QLNetcdf */,
				E1A1603219BF9FCA00306185 /* Frameworks */,
				E1A1603119BF9FCA00306185 /* Products */,
			);
			sourceTree = "<group>";
		};
		E1A1603119BF9FCA00306185 /* Products */ = {
			isa = PBXGroup;
			children = (
				E1A1603019BF9FCA00306185 /* QLNetcdf.qlgenerator */,
			);
			name = Products;
			sourceTree = "<group>";
		};
		E1A1603219BF9FCA00306185 /* Frameworks */ = {
			isa = PBXGroup;
			children = (
				E1A1603319BF9FCA00306185 /* QuickLook.framework */,
				E1A1603519BF9FCA00306185 /* ApplicationServices.framework */,
				E1A1603719BF9FCA00306185 /* CoreServices.framework */,
				E1A1603919BF9FCA00306185 /* CoreFoundation.framework */,
			);
			name = Frameworks;
			sourceTree = "<group>";
		};
		E1A1603B19BF9FCA00306185 /* QLNetcdf */ = {
			isa = PBXGroup;
			children = (
				E1A1604119BF9FCA00306185 /* GenerateThumbnailForURL.m */,
				E1A1604319BF9FCA00306185 /* GeneratePreviewForURL.m */,
				E1A1604519BF9FCA00306185 /* main.c */,
				E1A1603C19BF9FCA00306185 /* Supporting Files */,
			);
			path = QLNetcdf;
			sourceTree = "<group>";
		};
		E1A1603C19BF9FCA00306185 /* Supporting Files */ = {
			isa = PBXGroup;
			children = (
				E1A1603D19BF9FCA00306185 /* QLNetcdf-Info.plist */,
				E1A1603E19BF9FCA00306185 /* InfoPlist.strings */,
				E1A1604719BF9FCA00306185 /* QLNetcdf-Prefix.pch */,
			);
			name = "Supporting Files";
			sourceTree = "<group>";
		};
/* End PBXGroup section */

/* Begin PBXHeadersBuildPhase section */
		E1A1602C19BF9FCA00306185 /* Headers */ = {
			isa = PBXHeadersBuildPhase;
			buildActionMask = 2147483647;
			files = (
			);
			runOnlyForDeploymentPostprocessing = 0;
		};
/* End PBXHeadersBuildPhase section */

/* Begin PBXNativeTarget section */
		E1A1602F19BF9FCA00306185 /* QLNetcdf */ = {
			isa = PBXNativeTarget;
			buildConfigurationList = E1A1604A19BF9FCA00306185 /* Build configuration list for PBXNativeTarget "QLNetcdf" */;
			buildPhases = (
				E1A1602A19BF9FCA00306185 /* Sources */,
				E1A1602B19BF9FCA00306185 /* Frameworks */,
				E1A1602C19BF9FCA00306185 /* Headers */,
				E1A1602D19BF9FCA00306185 /* Resources */,
				E1A1602E19BF9FCA00306185 /* Rez */,
				E18D103E19BFABB700C893D1 /* CopyFiles */,
			);
			buildRules = (
			);
			dependencies = (
			);
			name = QLNetcdf;
			productName = QLNetcdf;
			productReference = E1A1603019BF9FCA00306185 /* QLNetcdf.qlgenerator */;
			productType = "com.apple.product-type.bundle";
		};
/* End PBXNativeTarget section */

/* Begin PBXProject section */
		E1A1602619BF9FCA00306185 /* Project object */ = {
			isa = PBXProject;
			attributes = {
				LastUpgradeCheck = 0510;
				ORGANIZATIONNAME = tbc;
			};
			buildConfigurationList = E1A1602919BF9FCA00306185 /* Build configuration list for PBXProject "QLNetcdf" */;
			compatibilityVersion = "Xcode 3.2";
			developmentRegion = English;
			hasScannedForEncodings = 0;
			knownRegions = (
				en,
			);
			mainGroup = E1A1602519BF9FCA00306185;
			productRefGroup = E1A1603119BF9FCA00306185 /* Products */;
			projectDirPath = "";
			projectRoot = "";
			targets = (
				E1A1602F19BF9FCA00306185 /* QLNetcdf */,
			);
		};
/* End PBXProject section */

/* Begin PBXResourcesBuildPhase section */
		E1A1602D19BF9FCA00306185 /* Resources */ = {
			isa = PBXResourcesBuildPhase;
			buildActionMask = 2147483647;
			files = (
				E1A1604019BF9FCA00306185 /* InfoPlist.strings in Resources */,
			);
			runOnlyForDeploymentPostprocessing = 0;
		};
/* End PBXResourcesBuildPhase section */

/* Begin PBXRezBuildPhase section */
		E1A1602E19BF9FCA00306185 /* Rez */ = {
			isa = PBXRezBuildPhase;
			buildActionMask = 2147483647;
			files = (
			);
			runOnlyForDeploymentPostprocessing = 0;
		};
/* End PBXRezBuildPhase section */

/* Begin PBXSourcesBuildPhase section */
		E1A1602A19BF9FCA00306185 /* Sources */ = {
			isa = PBXSourcesBuildPhase;
			buildActionMask = 2147483647;
			files = (
				E1A1604219BF9FCA00306185 /* GenerateThumbnailForURL.m in Sources */,
				E1A1604419BF9FCA00306185 /* GeneratePreviewForURL.m in Sources */,
				E1A1604619BF9FCA00306185 /* main.c in Sources */,
			);
			runOnlyForDeploymentPostprocessing = 0;
		};
/* End PBXSourcesBuildPhase section */

/* Begin PBXVariantGroup section */
		E1A1603E19BF9FCA00306185 /* InfoPlist.strings */ = {
			isa = PBXVariantGroup;
			children = (
				E1A1603F19BF9FCA00306185 /* en */,
			);
			name = InfoPlist.strings;
			sourceTree = "<group>";
		};
/* End PBXVariantGroup section */

/* Begin XCBuildConfiguration section */
		E1A1604819BF9FCA00306185 /* Debug */ = {
			isa = XCBuildConfiguration;
			buildSettings = {
				ALWAYS_SEARCH_USER_PATHS = YES;
				CLANG_CXX_LANGUAGE_STANDARD = "gnu++0x";
				CLANG_CXX_LIBRARY = "libc++";
				CLANG_ENABLE_MODULES = YES;
				CLANG_ENABLE_OBJC_ARC = YES;
				CLANG_WARN_BOOL_CONVERSION = YES;
				CLANG_WARN_CONSTANT_CONVERSION = YES;
				CLANG_WARN_DIRECT_OBJC_ISA_USAGE = YES_ERROR;
				CLANG_WARN_EMPTY_BODY = YES;
				CLANG_WARN_ENUM_CONVERSION = YES;
				CLANG_WARN_INT_CONVERSION = YES;
				CLANG_WARN_OBJC_ROOT_CLASS = YES_ERROR;
				CLANG_WARN__DUPLICATE_METHOD_MATCH = YES;
				CODE_SIGN_IDENTITY = "";
				COPY_PHASE_STRIP = NO;
				GCC_C_LANGUAGE_STANDARD = gnu99;
				GCC_DYNAMIC_NO_PIC = NO;
				GCC_ENABLE_OBJC_EXCEPTIONS = YES;
				GCC_OPTIMIZATION_LEVEL = 0;
				GCC_PREPROCESSOR_DEFINITIONS = (
					"DEBUG=1",
					"$(inherited)",
				);
				GCC_SYMBOLS_PRIVATE_EXTERN = NO;
				GCC_WARN_64_TO_32_BIT_CONVERSION = YES;
				GCC_WARN_ABOUT_RETURN_TYPE = YES_ERROR;
				GCC_WARN_UNDECLARED_SELECTOR = YES;
				GCC_WARN_UNINITIALIZED_AUTOS = YES_AGGRESSIVE;
				GCC_WARN_UNUSED_FUNCTION = YES;
				GCC_WARN_UNUSED_VARIABLE = YES;
				MACOSX_DEPLOYMENT_TARGET = 10.6;
				ONLY_ACTIVE_ARCH = YES;
				SCAN_ALL_SOURCE_FILES_FOR_INCLUDES = YES;
				SDKROOT = macosx;
			};
			name = Debug;
		};
		E1A1604919BF9FCA00306185 /* Release */ = {
			isa = XCBuildConfiguration;
			buildSettings = {
				ALWAYS_SEARCH_USER_PATHS = YES;
				CLANG_CXX_LANGUAGE_STANDARD = "gnu++0x";
				CLANG_CXX_LIBRARY = "libc++";
				CLANG_ENABLE_MODULES = YES;
				CLANG_ENABLE_OBJC_ARC = YES;
				CLANG_WARN_BOOL_CONVERSION = YES;
				CLANG_WARN_CONSTANT_CONVERSION = YES;
				CLANG_WARN_DIRECT_OBJC_ISA_USAGE = YES_ERROR;
				CLANG_WARN_EMPTY_BODY = YES;
				CLANG_WARN_ENUM_CONVERSION = YES;
				CLANG_WARN_INT_CONVERSION = YES;
				CLANG_WARN_OBJC_ROOT_CLASS = YES_ERROR;
				CLANG_WARN__DUPLICATE_METHOD_MATCH = YES;
				CODE_SIGN_IDENTITY = "";
				COPY_PHASE_STRIP = YES;
				DEBUG_INFORMATION_FORMAT = "dwarf-with-dsym";
				ENABLE_NS_ASSERTIONS = NO;
				GCC_C_LANGUAGE_STANDARD = gnu99;
				GCC_ENABLE_OBJC_EXCEPTIONS = YES;
				GCC_WARN_64_TO_32_BIT_CONVERSION = YES;
				GCC_WARN_ABOUT_RETURN_TYPE = YES_ERROR;
				GCC_WARN_UNDECLARED_SELECTOR = YES;
				GCC_WARN_UNINITIALIZED_AUTOS = YES_AGGRESSIVE;
				GCC_WARN_UNUSED_FUNCTION = YES;
				GCC_WARN_UNUSED_VARIABLE = YES;
				MACOSX_DEPLOYMENT_TARGET = 10.6;
				SCAN_ALL_SOURCE_FILES_FOR_INCLUDES = YES;
				SDKROOT = macosx;
			};
			name = Release;
		};
		E1A1604B19BF9FCA00306185 /* Debug */ = {
			isa = XCBuildConfiguration;
			buildSettings = {
				COMBINE_HIDPI_IMAGES = YES;
				GCC_PRECOMPILE_PREFIX_HEADER = YES;
				GCC_PREFIX_HEADER = "QLNetcdf/QLNetcdf-Prefix.pch";
				INFOPLIST_FILE = "QLNetcdf/QLNetcdf-Info.plist";
				INSTALL_PATH = /Library/QuickLook;
				PRODUCT_NAME = "$(TARGET_NAME)";
				WRAPPER_EXTENSION = qlgenerator;
			};
			name = Debug;
		};
		E1A1604C19BF9FCA00306185 /* Release */ = {
			isa = XCBuildConfiguration;
			buildSettings = {
				COMBINE_HIDPI_IMAGES = YES;
				GCC_PRECOMPILE_PREFIX_HEADER = YES;
				GCC_PREFIX_HEADER = "QLNetcdf/QLNetcdf-Prefix.pch";
				INFOPLIST_FILE = "QLNetcdf/QLNetcdf-Info.plist";
				INSTALL_PATH = /Library/QuickLook;
				PRODUCT_NAME = "$(TARGET_NAME)";
				WRAPPER_EXTENSION = qlgenerator;
			};
			name = Release;
		};
/* End XCBuildConfiguration section */

/* Begin XCConfigurationList section */
		E1A1602919BF9FCA00306185 /* Build configuration list for PBXProject "QLNetcdf" */ = {
			isa = XCConfigurationList;
			buildConfigurations = (
				E1A1604819BF9FCA00306185 /* Debug */,
				E1A1604919BF9FCA00306185 /* Release */,
			);
			defaultConfigurationIsVisible = 0;
			defaultConfigurationName = Release;
		};
		E1A1604A19BF9FCA00306185 /* Build configuration list for PBXNativeTarget "QLNetcdf" */ = {
			isa = XCConfigurationList;
			buildConfigurations = (
				E1A1604B19BF9FCA00306185 /* Debug */,
				E1A1604C19BF9FCA00306185 /* Release */,
			);
			defaultConfigurationIsVisible = 0;
			defaultConfigurationName = Release;
		};
/* End XCConfigurationList section */
	};
	rootObject = E1A1602619BF9FCA00306185 /* Project object */;
}
